# This file is @generated by PDM.
# It is not intended for manual editing.

[metadata]
groups = ["default"]
strategy = ["inherit_metadata"]
lock_version = "4.5.0"
content_hash = "sha256:b05bbcf06566c546fdb1ebbd77d8aea5f3f4ef852e899e0e3661348feff9fe22"

[[metadata.targets]]
requires_python = ">=3.8"

[[package]]
name = "pyserial"
version = "3.5"
summary = "Python Serial Port Extension"
groups = ["default"]
files = [
    {file = "pyserial-3.5-py2.py3-none-any.whl", hash = "sha256:c4451db6ba391ca6ca299fb3ec7bae67a5c55dde170964c7a14ceefec02f2cf0"},
    {file = "pyserial-3.5.tar.gz", hash = "sha256:3c77e014170dfffbd816e6ffc205e9842efb10be9f58ec16d3e8675b4925cddb"},
]
